{
  "name": "xtal-peat",
  "version": "0.0.0",
  "lockfileVersion": 1,
  "requires": true,
  "dependencies": {
    "trans-render": {
      "version": "0.0.289",
      "resolved": "https://registry.npmjs.org/trans-render/-/trans-render-0.0.289.tgz",
      "integrity": "sha512-G1mU43kkEl+o1DsQBx95w7B/XO1chgVuvUNFz0W9EGHp//nZeysGVZc5Wf6Ewgf+Qm+nZ6G/tYFQzpbke17iCQ=="
    },
    "xtal-element": {
      "version": "0.0.400",
      "resolved": "https://registry.npmjs.org/xtal-element/-/xtal-element-0.0.400.tgz",
      "integrity": "sha512-yLwQugspM57y8u+S1itd0vg0OZxMncyolf1ma/mIOK2EmNg+IubIQdX4oJxbM4Ip9QgWnScDFCpO53TlLrHnOQ==",
      "requires": {
        "trans-render": "0.0.289"
      }
    }
  }
}
